// !$*UTF8*$!
{
	archiveVersion = 1;
	classes = {
	};
	objectVersion = 48;
	objects = {

/* Begin PBXBuildFile section */
		82D8701ED6246249F24749E2 /* libPods-TestCustomPods.a in Frameworks */ = {isa = PBXBuildFile; fileRef = 1A5264B187CF93F080B43437 /* libPods-TestCustomPods.a */; };
		D52A066E20D3AB6D00EFC00E /* EnterpriseExportOptions.plist in Resources */ = {isa = PBXBuildFile; fileRef = D52A066D20D3AB6D00EFC00E /* EnterpriseExportOptions.plist */; };
		D52A067020D3AC8200EFC00E /* ExportOptions.plist in Resources */ = {isa = PBXBuildFile; fileRef = D52A066F20D3AC8200EFC00E /* ExportOptions.plist */; };
		D54D05FF1FD164F90087AF75 /* Publish.sh in Resources */ = {isa = PBXBuildFile; fileRef = D54D05FE1FD164F90087AF75 /* Publish.sh */; };
		D54D06171FD2B28C0087AF75 /* AppStoreExportOptions.plist in Resources */ = {isa = PBXBuildFile; fileRef = D54D06161FD2B28C0087AF75 /* AppStoreExportOptions.plist */; };
		D54D06191FD2B2970087AF75 /* AdHocExportOptions.plist in Resources */ = {isa = PBXBuildFile; fileRef = D54D06181FD2B2970087AF75 /* AdHocExportOptions.plist */; };
		D5E4EEAB1FCED6C500211899 /* LICENSE in Resources */ = {isa = PBXBuildFile; fileRef = D5E4EEA81FCED6C500211899 /* LICENSE */; };
		D5E4EEAC1FCED6C500211899 /* Podfile in Resources */ = {isa = PBXBuildFile; fileRef = D5E4EEA91FCED6C500211899 /* Podfile */; };
		D5E4EEAD1FCED6C500211899 /* README.md in Resources */ = {isa = PBXBuildFile; fileRef = D5E4EEAA1FCED6C500211899 /* README.md */; };
		D5FC20C41FCEB7660081AF72 /* AppDelegate.m in Sources */ = {isa = PBXBuildFile; fileRef = D5FC20C31FCEB7660081AF72 /* AppDelegate.m */; };
		D5FC20C71FCEB7660081AF72 /* ViewController.m in Sources */ = {isa = PBXBuildFile; fileRef = D5FC20C61FCEB7660081AF72 /* ViewController.m */; };
		D5FC20CA1FCEB7660081AF72 /* Main.storyboard in Resources */ = {isa = PBXBuildFile; fileRef = D5FC20C81FCEB7660081AF72 /* Main.storyboard */; };
		D5FC20CC1FCEB7660081AF72 /* Assets.xcassets in Resources */ = {isa = PBXBuildFile; fileRef = D5FC20CB1FCEB7660081AF72 /* Assets.xcassets */; };
		D5FC20CF1FCEB7660081AF72 /* LaunchScreen.storyboard in Resources */ = {isa = PBXBuildFile; fileRef = D5FC20CD1FCEB7660081AF72 /* LaunchScreen.storyboard */; };
		D5FC20D21FCEB7660081AF72 /* main.m in Sources */ = {isa = PBXBuildFile; fileRef = D5FC20D11FCEB7660081AF72 /* main.m */; };
/* End PBXBuildFile section */

/* Begin PBXFileReference section */
		1A5264B187CF93F080B43437 /* libPods-TestCustomPods.a */ = {isa = PBXFileReference; explicitFileType = archive.ar; includeInIndex = 0; path = "libPods-TestCustomPods.a"; sourceTree = BUILT_PRODUCTS_DIR; };
		B3A12C65FA03E4D30EEAAA41 /* Pods-TestCustomPods.debug.xcconfig */ = {isa = PBXFileReference; includeInIndex = 1; lastKnownFileType = text.xcconfig; name = "Pods-TestCustomPods.debug.xcconfig"; path = "Pods/Target Support Files/Pods-TestCustomPods/Pods-TestCustomPods.debug.xcconfig"; sourceTree = "<group>"; };
		C945E7F11FDDD7F3387C45F0 /* Pods-TestCustomPods.release.xcconfig */ = {isa = PBXFileReference; includeInIndex = 1; lastKnownFileType = text.xcconfig; name = "Pods-TestCustomPods.release.xcconfig"; path = "Pods/Target Support Files/Pods-TestCustomPods/Pods-TestCustomPods.release.xcconfig"; sourceTree = "<group>"; };
		D52A066D20D3AB6D00EFC00E /* EnterpriseExportOptions.plist */ = {isa = PBXFileReference; fileEncoding = 4; lastKnownFileType = text.plist.xml; path = EnterpriseExportOptions.plist; sourceTree = "<group>"; };
		D52A066F20D3AC8200EFC00E /* ExportOptions.plist */ = {isa = PBXFileReference; fileEncoding = 4; lastKnownFileType = text.plist.xml; path = ExportOptions.plist; sourceTree = "<group>"; };
		D54D05FE1FD164F90087AF75 /* Publish.sh */ = {isa = PBXFileReference; fileEncoding = 4; lastKnownFileType = text.script.sh; path = Publish.sh; sourceTree = "<group>"; };
		D54D06161FD2B28C0087AF75 /* AppStoreExportOptions.plist */ = {isa = PBXFileReference; lastKnownFileType = text.plist.xml; path = AppStoreExportOptions.plist; sourceTree = "<group>"; };
		D54D06181FD2B2970087AF75 /* AdHocExportOptions.plist */ = {isa = PBXFileReference; lastKnownFileType = text.plist.xml; path = AdHocExportOptions.plist; sourceTree = "<group>"; };
		D5E4EEA81FCED6C500211899 /* LICENSE */ = {isa = PBXFileReference; fileEncoding = 4; lastKnownFileType = text; path = LICENSE; sourceTree = "<group>"; };
		D5E4EEA91FCED6C500211899 /* Podfile */ = {isa = PBXFileReference; fileEncoding = 4; lastKnownFileType = text; path = Podfile; sourceTree = "<group>"; xcLanguageSpecificationIdentifier = xcode.lang.ruby; };
		D5E4EEAA1FCED6C500211899 /* README.md */ = {isa = PBXFileReference; fileEncoding = 4; lastKnownFileType = net.daringfireball.markdown; path = README.md; sourceTree = "<group>"; };
		D5FC20BF1FCEB7660081AF72 /* TestCustomPods.app */ = {isa = PBXFileReference; explicitFileType = wrapper.application; includeInIndex = 0; path = TestCustomPods.app; sourceTree = BUILT_PRODUCTS_DIR; };
		D5FC20C21FCEB7660081AF72 /* AppDelegate.h */ = {isa = PBXFileReference; lastKnownFileType = sourcecode.c.h; path = AppDelegate.h; sourceTree = "<group>"; };
		D5FC20C31FCEB7660081AF72 /* AppDelegate.m */ = {isa = PBXFileReference; lastKnownFileType = sourcecode.c.objc; path = AppDelegate.m; sourceTree = "<group>"; };
		D5FC20C51FCEB7660081AF72 /* ViewController.h */ = {isa = PBXFileReference; lastKnownFileType = sourcecode.c.h; path = ViewController.h; sourceTree = "<group>"; };
		D5FC20C61FCEB7660081AF72 /* ViewController.m */ = {isa = PBXFileReference; lastKnownFileType = sourcecode.c.objc; path = ViewController.m; sourceTree = "<group>"; };
		D5FC20C91FCEB7660081AF72 /* Base */ = {isa = PBXFileReference; lastKnownFileType = file.storyboard; name = Base; path = Base.lproj/Main.storyboard; sourceTree = "<group>"; };
		D5FC20CB1FCEB7660081AF72 /* Assets.xcassets */ = {isa = PBXFileReference; lastKnownFileType = folder.assetcatalog; path = Assets.xcassets; sourceTree = "<group>"; };
		D5FC20CE1FCEB7660081AF72 /* Base */ = {isa = PBXFileReference; lastKnownFileType = file.storyboard; name = Base; path = Base.lproj/LaunchScreen.storyboard; sourceTree = "<group>"; };
		D5FC20D01FCEB7660081AF72 /* Info.plist */ = {isa = PBXFileReference; lastKnownFileType = text.plist.xml; path = Info.plist; sourceTree = "<group>"; };
		D5FC20D11FCEB7660081AF72 /* main.m */ = {isa = PBXFileReference; lastKnownFileType = sourcecode.c.objc; path = main.m; sourceTree = "<group>"; };
/* End PBXFileReference section */

/* Begin PBXFrameworksBuildPhase section */
		D5FC20BC1FCEB7660081AF72 /* Frameworks */ = {
			isa = PBXFrameworksBuildPhase;
			buildActionMask = 2147483647;
			files = (
				82D8701ED6246249F24749E2 /* libPods-TestCustomPods.a in Frameworks */,
			);
			runOnlyForDeploymentPostprocessing = 0;
		};
/* End PBXFrameworksBuildPhase section */

/* Begin PBXGroup section */
		520046BCEB2C82E354C8A2FB /* Pods */ = {
			isa = PBXGroup;
			children = (
				B3A12C65FA03E4D30EEAAA41 /* Pods-TestCustomPods.debug.xcconfig */,
				C945E7F11FDDD7F3387C45F0 /* Pods-TestCustomPods.release.xcconfig */,
			);
			name = Pods;
			sourceTree = "<group>";
		};
		6731426F82D756A322972DFB /* Frameworks */ = {
			isa = PBXGroup;
			children = (
				1A5264B187CF93F080B43437 /* libPods-TestCustomPods.a */,
			);
			name = Frameworks;
			sourceTree = "<group>";
		};
		D54D05FA1FD163C10087AF75 /* Publish */ = {
			isa = PBXGroup;
			children = (
				D52A066F20D3AC8200EFC00E /* ExportOptions.plist */,
				D54D06181FD2B2970087AF75 /* AdHocExportOptions.plist */,
				D54D06161FD2B28C0087AF75 /* AppStoreExportOptions.plist */,
				D52A066D20D3AB6D00EFC00E /* EnterpriseExportOptions.plist */,
				D54D05FE1FD164F90087AF75 /* Publish.sh */,
			);
			path = Publish;
			sourceTree = "<group>";
		};
		D54D06131FD296B10087AF75 /* Build */ = {
			isa = PBXGroup;
			children = (
			);
			path = Build;
			sourceTree = "<group>";
		};
		D5FC20B61FCEB7660081AF72 = {
			isa = PBXGroup;
			children = (
				D54D06131FD296B10087AF75 /* Build */,
				6731426F82D756A322972DFB /* Frameworks */,
				D5E4EEA81FCED6C500211899 /* LICENSE */,
				D5E4EEA91FCED6C500211899 /* Podfile */,
				520046BCEB2C82E354C8A2FB /* Pods */,
				D5FC20C01FCEB7660081AF72 /* Products */,
				D54D05FA1FD163C10087AF75 /* Publish */,
				D5E4EEAA1FCED6C500211899 /* README.md */,
				D5FC20C11FCEB7660081AF72 /* TestCustomPods */,
			);
			sourceTree = "<group>";
		};
		D5FC20C01FCEB7660081AF72 /* Products */ = {
			isa = PBXGroup;
			children = (
				D5FC20BF1FCEB7660081AF72 /* TestCustomPods.app */,
			);
			name = Products;
			sourceTree = "<group>";
		};
		D5FC20C11FCEB7660081AF72 /* TestCustomPods */ = {
			isa = PBXGroup;
			children = (
				D5FC20C21FCEB7660081AF72 /* AppDelegate.h */,
				D5FC20C31FCEB7660081AF72 /* AppDelegate.m */,
				D5FC20C51FCEB7660081AF72 /* ViewController.h */,
				D5FC20C61FCEB7660081AF72 /* ViewController.m */,
				D5FC20C81FCEB7660081AF72 /* Main.storyboard */,
				D5FC20CB1FCEB7660081AF72 /* Assets.xcassets */,
				D5FC20CD1FCEB7660081AF72 /* LaunchScreen.storyboard */,
				D5FC20D01FCEB7660081AF72 /* Info.plist */,
				D5FC20D11FCEB7660081AF72 /* main.m */,
			);
			path = TestCustomPods;
			sourceTree = "<group>";
		};
/* End PBXGroup section */

/* Begin PBXNativeTarget section */
		D5FC20BE1FCEB7660081AF72 /* TestCustomPods */ = {
			isa = PBXNativeTarget;
			buildConfigurationList = D5FC20D51FCEB7660081AF72 /* Build configuration list for PBXNativeTarget "TestCustomPods" */;
			buildPhases = (
				08B0688231F64A285717C412 /* [CP] Check Pods Manifest.lock */,
				D5FC20BB1FCEB7660081AF72 /* Sources */,
				D5FC20BC1FCEB7660081AF72 /* Frameworks */,
				D5FC20BD1FCEB7660081AF72 /* Resources */,
				C74813D928D3B474DDE4DAAB /* [CP] Embed Pods Frameworks */,
				8663807AC4472757186D39E3 /* [CP] Copy Pods Resources */,
			);
			buildRules = (
			);
			dependencies = (
			);
			name = TestCustomPods;
			productName = TestCustomPods;
			productReference = D5FC20BF1FCEB7660081AF72 /* TestCustomPods.app */;
			productType = "com.apple.product-type.application";
		};
/* End PBXNativeTarget section */

/* Begin PBXProject section */
		D5FC20B71FCEB7660081AF72 /* Project object */ = {
			isa = PBXProject;
			attributes = {
				LastUpgradeCheck = 0910;
				ORGANIZATIONNAME = liqiang;
				TargetAttributes = {
					D5FC20BE1FCEB7660081AF72 = {
						CreatedOnToolsVersion = 9.1;
						ProvisioningStyle = Automatic;
					};
				};
			};
			buildConfigurationList = D5FC20BA1FCEB7660081AF72 /* Build configuration list for PBXProject "TestCustomPods" */;
			compatibilityVersion = "Xcode 8.0";
			developmentRegion = en;
			hasScannedForEncodings = 0;
			knownRegions = (
				en,
				Base,
			);
			mainGroup = D5FC20B61FCEB7660081AF72;
			productRefGroup = D5FC20C01FCEB7660081AF72 /* Products */;
			projectDirPath = "";
			projectRoot = "";
			targets = (
				D5FC20BE1FCEB7660081AF72 /* TestCustomPods */,
			);
		};
/* End PBXProject section */

/* Begin PBXResourcesBuildPhase section */
		D5FC20BD1FCEB7660081AF72 /* Resources */ = {
			isa = PBXResourcesBuildPhase;
			buildActionMask = 2147483647;
			files = (
				D5E4EEAD1FCED6C500211899 /* README.md in Resources */,
				D54D06171FD2B28C0087AF75 /* AppStoreExportOptions.plist in Resources */,
				D5E4EEAC1FCED6C500211899 /* Podfile in Resources */,
				D5FC20CF1FCEB7660081AF72 /* LaunchScreen.storyboard in Resources */,
				D52A067020D3AC8200EFC00E /* ExportOptions.plist in Resources */,
				D52A066E20D3AB6D00EFC00E /* EnterpriseExportOptions.plist in Resources */,
				D54D05FF1FD164F90087AF75 /* Publish.sh in Resources */,
				D5FC20CC1FCEB7660081AF72 /* Assets.xcassets in Resources */,
				D54D06191FD2B2970087AF75 /* AdHocExportOptions.plist in Resources */,
				D5E4EEAB1FCED6C500211899 /* LICENSE in Resources */,
				D5FC20CA1FCEB7660081AF72 /* Main.storyboard in Resources */,
			);
			runOnlyForDeploymentPostprocessing = 0;
		};
/* End PBXResourcesBuildPhase section */

/* Begin PBXShellScriptBuildPhase section */
		08B0688231F64A285717C412 /* [CP] Check Pods Manifest.lock */ = {
			isa = PBXShellScriptBuildPhase;
			buildActionMask = 2147483647;
			files = (
			);
			inputPaths = (
				"${PODS_PODFILE_DIR_PATH}/Podfile.lock",
				"${PODS_ROOT}/Manifest.lock",
			);
			name = "[CP] Check Pods Manifest.lock";
			outputPaths = (
				"$(DERIVED_FILE_DIR)/Pods-TestCustomPods-checkManifestLockResult.txt",
			);
			runOnlyForDeploymentPostprocessing = 0;
			shellPath = /bin/sh;
			shellScript = "diff \"${PODS_PODFILE_DIR_PATH}/Podfile.lock\" \"${PODS_ROOT}/Manifest.lock\" > /dev/null\nif [ $? != 0 ] ; then\n    # print error to STDERR\n    echo \"error: The sandbox is not in sync with the Podfile.lock. Run 'pod install' or update your CocoaPods installation.\" >&2\n    exit 1\nfi\n# This output is used by Xcode 'outputs' to avoid re-running this script phase.\necho \"SUCCESS\" > \"${SCRIPT_OUTPUT_FILE_0}\"\n";
			showEnvVarsInLog = 0;
		};
		8663807AC4472757186D39E3 /* [CP] Copy Pods Resources */ = {
			isa = PBXShellScriptBuildPhase;
			buildActionMask = 2147483647;
			files = (
			);
			inputPaths = (
			);
			name = "[CP] Copy Pods Resources";
			outputPaths = (
			);
			runOnlyForDeploymentPostprocessing = 0;
			shellPath = /bin/sh;
			shellScript = "\"${SRCROOT}/Pods/Target Support Files/Pods-TestCustomPods/Pods-TestCustomPods-resources.sh\"\n";
			showEnvVarsInLog = 0;
		};
		C74813D928D3B474DDE4DAAB /* [CP] Embed Pods Frameworks */ = {
			isa = PBXShellScriptBuildPhase;
			buildActionMask = 2147483647;
			files = (
			);
			inputPaths = (
			);
			name = "[CP] Embed Pods Frameworks";
			outputPaths = (
			);
			runOnlyForDeploymentPostprocessing = 0;
			shellPath = /bin/sh;
			shellScript = "\"${SRCROOT}/Pods/Target Support Files/Pods-TestCustomPods/Pods-TestCustomPods-frameworks.sh\"\n";
			showEnvVarsInLog = 0;
		};
/* End PBXShellScriptBuildPhase section */

/* Begin PBXSourcesBuildPhase section */
		D5FC20BB1FCEB7660081AF72 /* Sources */ = {
			isa = PBXSourcesBuildPhase;
			buildActionMask = 2147483647;
			files = (
				D5FC20C71FCEB7660081AF72 /* ViewController.m in Sources */,
				D5FC20D21FCEB7660081AF72 /* main.m in Sources */,
				D5FC20C41FCEB7660081AF72 /* AppDelegate.m in Sources */,
			);
			runOnlyForDeploymentPostprocessing = 0;
		};
/* End PBXSourcesBuildPhase section */

/* Begin PBXVariantGroup section */
		D5FC20C81FCEB7660081AF72 /* Main.storyboard */ = {
			isa = PBXVariantGroup;
			children = (
				D5FC20C91FCEB7660081AF72 /* Base */,
			);
			name = Main.storyboard;
			sourceTree = "<group>";
		};
		D5FC20CD1FCEB7660081AF72 /* LaunchScreen.storyboard */ = {
			isa = PBXVariantGroup;
			children = (
				D5FC20CE1FCEB7660081AF72 /* Base */,
			);
			name = LaunchScreen.storyboard;
			sourceTree = "<group>";
		};
/* End PBXVariantGroup section */

/* Begin XCBuildConfiguration section */
		D5FC20D31FCEB7660081AF72 /* Debug */ = {
			isa = XCBuildConfiguration;
			buildSettings = {
				ALWAYS_SEARCH_USER_PATHS = NO;
				CLANG_ANALYZER_NONNULL = YES;
				CLANG_ANALYZER_NUMBER_OBJECT_CONVERSION = YES_AGGRESSIVE;
				CLANG_CXX_LANGUAGE_STANDARD = "gnu++14";
				CLANG_CXX_LIBRARY = "libc++";
				CLANG_ENABLE_MODULES = YES;
				CLANG_ENABLE_OBJC_ARC = YES;
				CLANG_WARN_BLOCK_CAPTURE_AUTORELEASING = YES;
				CLANG_WARN_BOOL_CONVERSION = YES;
				CLANG_WARN_COMMA = YES;
				CLANG_WARN_CONSTANT_CONVERSION = YES;
				CLANG_WARN_DIRECT_OBJC_ISA_USAGE = YES_ERROR;
				CLANG_WARN_DOCUMENTATION_COMMENTS = YES;
				CLANG_WARN_EMPTY_BODY = YES;
				CLANG_WARN_ENUM_CONVERSION = YES;
				CLANG_WARN_INFINITE_RECURSION = YES;
				CLANG_WARN_INT_CONVERSION = YES;
				CLANG_WARN_NON_LITERAL_NULL_CONVERSION = YES;
				CLANG_WARN_OBJC_LITERAL_CONVERSION = YES;
				CLANG_WARN_OBJC_ROOT_CLASS = YES_ERROR;
				CLANG_WARN_RANGE_LOOP_ANALYSIS = YES;
				CLANG_WARN_STRICT_PROTOTYPES = YES;
				CLANG_WARN_SUSPICIOUS_MOVE = YES;
				CLANG_WARN_UNGUARDED_AVAILABILITY = YES_AGGRESSIVE;
				CLANG_WARN_UNREACHABLE_CODE = YES;
				CLANG_WARN__DUPLICATE_METHOD_MATCH = YES;
				CODE_SIGN_IDENTITY = "iPhone Developer";
				COPY_PHASE_STRIP = NO;
				DEBUG_INFORMATION_FORMAT = dwarf;
				ENABLE_STRICT_OBJC_MSGSEND = YES;
				ENABLE_TESTABILITY = YES;
				GCC_C_LANGUAGE_STANDARD = gnu11;
				GCC_DYNAMIC_NO_PIC = NO;
				GCC_NO_COMMON_BLOCKS = YES;
				GCC_OPTIMIZATION_LEVEL = 0;
				GCC_PREPROCESSOR_DEFINITIONS = (
					"DEBUG=1",
					"$(inherited)",
				);
				GCC_WARN_64_TO_32_BIT_CONVERSION = YES;
				GCC_WARN_ABOUT_RETURN_TYPE = YES_ERROR;
				GCC_WARN_UNDECLARED_SELECTOR = YES;
				GCC_WARN_UNINITIALIZED_AUTOS = YES_AGGRESSIVE;
				GCC_WARN_UNUSED_FUNCTION = YES;
				GCC_WARN_UNUSED_VARIABLE = YES;
				IPHONEOS_DEPLOYMENT_TARGET = 9.0;
				MTL_ENABLE_DEBUG_INFO = YES;
				ONLY_ACTIVE_ARCH = YES;
				SDKROOT = iphoneos;
			};
			name = Debug;
		};
		D5FC20D41FCEB7660081AF72 /* Release */ = {
			isa = XCBuildConfiguration;
			buildSettings = {
				ALWAYS_SEARCH_USER_PATHS = NO;
				CLANG_ANALYZER_NONNULL = YES;
				CLANG_ANALYZER_NUMBER_OBJECT_CONVERSION = YES_AGGRESSIVE;
				CLANG_CXX_LANGUAGE_STANDARD = "gnu++14";
				CLANG_CXX_LIBRARY = "libc++";
				CLANG_ENABLE_MODULES = YES;
				CLANG_ENABLE_OBJC_ARC = YES;
				CLANG_WARN_BLOCK_CAPTURE_AUTORELEASING = YES;
				CLANG_WARN_BOOL_CONVERSION = YES;
				CLANG_WARN_COMMA = YES;
				CLANG_WARN_CONSTANT_CONVERSION = YES;
				CLANG_WARN_DIRECT_OBJC_ISA_USAGE = YES_ERROR;
				CLANG_WARN_DOCUMENTATION_COMMENTS = YES;
				CLANG_WARN_EMPTY_BODY = YES;
				CLANG_WARN_ENUM_CONVERSION = YES;
				CLANG_WARN_INFINITE_RECURSION = YES;
				CLANG_WARN_INT_CONVERSION = YES;
				CLANG_WARN_NON_LITERAL_NULL_CONVERSION = YES;
				CLANG_WARN_OBJC_LITERAL_CONVERSION = YES;
				CLANG_WARN_OBJC_ROOT_CLASS = YES_ERROR;
				CLANG_WARN_RANGE_LOOP_ANALYSIS = YES;
				CLANG_WARN_STRICT_PROTOTYPES = YES;
				CLANG_WARN_SUSPICIOUS_MOVE = YES;
				CLANG_WARN_UNGUARDED_AVAILABILITY = YES_AGGRESSIVE;
				CLANG_WARN_UNREACHABLE_CODE = YES;
				CLANG_WARN__DUPLICATE_METHOD_MATCH = YES;
				CODE_SIGN_IDENTITY = "iPhone Developer";
				COPY_PHASE_STRIP = NO;
				DEBUG_INFORMATION_FORMAT = "dwarf-with-dsym";
				ENABLE_NS_ASSERTIONS = NO;
				ENABLE_STRICT_OBJC_MSGSEND = YES;
				GCC_C_LANGUAGE_STANDARD = gnu11;
				GCC_NO_COMMON_BLOCKS = YES;
				GCC_WARN_64_TO_32_BIT_CONVERSION = YES;
				GCC_WARN_ABOUT_RETURN_TYPE = YES_ERROR;
				GCC_WARN_UNDECLARED_SELECTOR = YES;
				GCC_WARN_UNINITIALIZED_AUTOS = YES_AGGRESSIVE;
				GCC_WARN_UNUSED_FUNCTION = YES;
				GCC_WARN_UNUSED_VARIABLE = YES;
				IPHONEOS_DEPLOYMENT_TARGET = 9.0;
				MTL_ENABLE_DEBUG_INFO = NO;
				SDKROOT = iphoneos;
				VALIDATE_PRODUCT = YES;
			};
			name = Release;
		};
		D5FC20D61FCEB7660081AF72 /* Debug */ = {
			isa = XCBuildConfiguration;
			baseConfigurationReference = B3A12C65FA03E4D30EEAAA41 /* Pods-TestCustomPods.debug.xcconfig */;
			buildSettings = {
				ASSETCATALOG_COMPILER_APPICON_NAME = AppIcon;
				CODE_SIGN_IDENTITY = "iPhone Developer";
				CODE_SIGN_STYLE = Automatic;
				DEVELOPMENT_TEAM = 5ZSR43ZJ4S;
				INFOPLIST_FILE = TestCustomPods/Info.plist;
				IPHONEOS_DEPLOYMENT_TARGET = 9.0;
				LD_RUNPATH_SEARCH_PATHS = "$(inherited) @executable_path/Frameworks";
				PRODUCT_BUNDLE_IDENTIFIER = mcwallet.com.KCash;
				PRODUCT_NAME = "$(TARGET_NAME)";
				PROVISIONING_PROFILE = "";
				PROVISIONING_PROFILE_SPECIFIER = "";
				TARGETED_DEVICE_FAMILY = "1,2";
			};
			name = Debug;
		};
		D5FC20D71FCEB7660081AF72 /* Release */ = {
			isa = XCBuildConfiguration;
			baseConfigurationReference = C945E7F11FDDD7F3387C45F0 /* Pods-TestCustomPods.release.xcconfig */;
			buildSettings = {
				ASSETCATALOG_COMPILER_APPICON_NAME = AppIcon;
				CODE_SIGN_IDENTITY = "iPhone Developer";
				CODE_SIGN_STYLE = Automatic;
				DEVELOPMENT_TEAM = 5ZSR43ZJ4S;
				INFOPLIST_FILE = TestCustomPods/Info.plist;
				IPHONEOS_DEPLOYMENT_TARGET = 9.0;
				LD_RUNPATH_SEARCH_PATHS = "$(inherited) @executable_path/Frameworks";
				PRODUCT_BUNDLE_IDENTIFIER = mcwallet.com.KCash;
				PRODUCT_NAME = "$(TARGET_NAME)";
				PROVISIONING_PROFILE = "";
				PROVISIONING_PROFILE_SPECIFIER = "";
				TARGETED_DEVICE_FAMILY = "1,2";
			};
			name = Release;
		};
/* End XCBuildConfiguration section */

/* Begin XCConfigurationList section */
		D5FC20BA1FCEB7660081AF72 /* Build configuration list for PBXProject "TestCustomPods" */ = {
			isa = XCConfigurationList;
			buildConfigurations = (
				D5FC20D31FCEB7660081AF72 /* Debug */,
				D5FC20D41FCEB7660081AF72 /* Release */,
			);
			defaultConfigurationIsVisible = 0;
			defaultConfigurationName = Release;
		};
		D5FC20D51FCEB7660081AF72 /* Build configuration list for PBXNativeTarget "TestCustomPods" */ = {
			isa = XCConfigurationList;
			buildConfigurations = (
				D5FC20D61FCEB7660081AF72 /* Debug */,
				D5FC20D71FCEB7660081AF72 /* Release */,
			);
			defaultConfigurationIsVisible = 0;
			defaultConfigurationName = Release;
		};
/* End XCConfigurationList section */
	};
	rootObject = D5FC20B71FCEB7660081AF72 /* Project object */;
}
